{
  "version": 4,
  "terraform_version": "1.2.3",
  "serial": 348,
  "lineage": "25268e33-567b-c0a2-7157-4f58da81cbe6",
  "outputs": {
    "external_ip_address_vm_1": {
      "value": "51.250.84.251",
      "type": "string"
    },
    "external_ip_address_vm_2": {
      "value": "51.250.94.26",
      "type": "string"
    },
    "external_ip_address_vm_3": {
      "value": "51.250.76.168",
      "type": "string"
    },
    "internal_ip_address_vm_1": {
      "value": "192.168.10.20",
      "type": "string"
    },
    "internal_ip_address_vm_2": {
      "value": "192.168.10.27",
      "type": "string"
    },
    "internal_ip_address_vm_3": {
      "value": "192.168.10.21",
      "type": "string"
    }
  },
  "resources": [
    {
      "mode": "managed",
      "type": "yandex_compute_instance",
      "name": "node01",
      "provider": "provider[\"registry.terraform.io/yandex-cloud/yandex\"]",
      "instances": [
        {
          "schema_version": 1,
          "attributes": {
            "allow_recreate": null,
            "allow_stopping_for_update": true,
            "boot_disk": [
              {
                "auto_delete": true,
                "device_name": "fhmpove47tub2kjqgnor",
                "disk_id": "fhmpove47tub2kjqgnor",
                "initialize_params": [
                  {
                    "block_size": 4096,
                    "description": "",
                    "image_id": "fd88d14a6790do254kj7",
                    "name": "root-node01",
                    "size": 25,
                    "snapshot_id": "",
                    "type": "network-ssd"
                  }
                ],
                "mode": "READ_WRITE"
              }
            ],
            "created_at": "2022-08-06T14:07:36Z",
            "description": "",
            "folder_id": "b1gbgo924r85q278bg78",
            "fqdn": "node01.netology.cloud",
            "hostname": "node01.netology.cloud",
            "id": "fhmn89eiq8fbtdbsu3h1",
            "labels": null,
            "local_disk": [],
            "metadata": {
              "ssh-keys": "centos:ssh-rsa AAAAB3NzaC1yc2EAAAADAQABAAABAQDSUvSVgJnLHfTMclka3KxAC3Gy79mV96FPDJlNSkc2XukAVY9Sb7Wcy+gWw+HOFfqumHYq/nedQpDWvZKf7wvsLerUSXv1nBpv/AGk1fWctKF+byA3jwCUlpVUFwq0NVOVt1GrkovLufgAqvE8+T8487nLVpMtQApg7ilhubmYXNCwhW2jLxkqSnxCH9/vXa3cAKMN2JZcCM1KT41vNyC6q705neC6ayS2l8uzug+6WinM4M02qlpznm1mTy1NJ1BEslFTGQ//xXzkEV2zo0gCH5FUgkosoO6bt2gDPCdXIW8FK/KjzaUBKUrBYYU2GYACHQhuzca1ayS+Nt2zJevx pashke@pashke-System\n"
            },
            "name": "node01",
            "network_acceleration_type": "standard",
            "network_interface": [
              {
                "dns_record": [],
                "index": 0,
                "ip_address": "192.168.10.20",
                "ipv4": true,
                "ipv6": false,
                "ipv6_address": "",
                "ipv6_dns_record": [],
                "mac_address": "d0:0d:17:42:5d:2d",
                "nat": true,
                "nat_dns_record": [],
                "nat_ip_address": "51.250.84.251",
                "nat_ip_version": "IPV4",
                "security_group_ids": [],
                "subnet_id": "e9b435alb97q1oppi8m3"
              }
            ],
            "placement_policy": [
              {
                "host_affinity_rules": [],
                "placement_group_id": ""
              }
            ],
            "platform_id": "standard-v1",
            "resources": [
              {
                "core_fraction": 100,
                "cores": 2,
                "gpus": 0,
                "memory": 2
              }
            ],
            "scheduling_policy": [
              {
                "preemptible": false
              }
            ],
            "secondary_disk": [],
            "service_account_id": "",
            "status": "running",
            "timeouts": null,
            "zone": "ru-central1-a"
          },
          "sensitive_attributes": [],
          "private": "eyJlMmJmYjczMC1lY2FhLTExZTYtOGY4OC0zNDM2M2JjN2M0YzAiOnsiY3JlYXRlIjozMDAwMDAwMDAwMDAsImRlbGV0ZSI6MzAwMDAwMDAwMDAwLCJ1cGRhdGUiOjMwMDAwMDAwMDAwMH0sInNjaGVtYV92ZXJzaW9uIjoiMSJ9",
          "dependencies": [
            "yandex_vpc_network.default",
            "yandex_vpc_subnet.subnet-1"
          ]
        }
      ]
    },
    {
      "mode": "managed",
      "type": "yandex_compute_instance",
      "name": "node02",
      "provider": "provider[\"registry.terraform.io/yandex-cloud/yandex\"]",
      "instances": [
        {
          "schema_version": 1,
          "attributes": {
            "allow_recreate": null,
            "allow_stopping_for_update": true,
            "boot_disk": [
              {
                "auto_delete": true,
                "device_name": "fhmqc3a9huubg6dr41gb",
                "disk_id": "fhmqc3a9huubg6dr41gb",
                "initialize_params": [
                  {
                    "block_size": 4096,
                    "description": "",
                    "image_id": "fd8ofg98ci78v262j491",
                    "name": "root-node02",
                    "size": 25,
                    "snapshot_id": "",
                    "type": "network-ssd"
                  }
                ],
                "mode": "READ_WRITE"
              }
            ],
            "created_at": "2022-08-06T14:07:36Z",
            "description": "",
            "folder_id": "b1gbgo924r85q278bg78",
            "fqdn": "node02.netology.cloud",
            "hostname": "node02.netology.cloud",
            "id": "fhmc9kge5vqnof4s13et",
            "labels": null,
            "local_disk": [],
            "metadata": {
              "ssh-keys": "ubuntu:ssh-rsa AAAAB3NzaC1yc2EAAAADAQABAAABAQDSUvSVgJnLHfTMclka3KxAC3Gy79mV96FPDJlNSkc2XukAVY9Sb7Wcy+gWw+HOFfqumHYq/nedQpDWvZKf7wvsLerUSXv1nBpv/AGk1fWctKF+byA3jwCUlpVUFwq0NVOVt1GrkovLufgAqvE8+T8487nLVpMtQApg7ilhubmYXNCwhW2jLxkqSnxCH9/vXa3cAKMN2JZcCM1KT41vNyC6q705neC6ayS2l8uzug+6WinM4M02qlpznm1mTy1NJ1BEslFTGQ//xXzkEV2zo0gCH5FUgkosoO6bt2gDPCdXIW8FK/KjzaUBKUrBYYU2GYACHQhuzca1ayS+Nt2zJevx pashke@pashke-System\n"
            },
            "name": "node02",
            "network_acceleration_type": "standard",
            "network_interface": [
              {
                "dns_record": [],
                "index": 0,
                "ip_address": "192.168.10.27",
                "ipv4": true,
                "ipv6": false,
                "ipv6_address": "",
                "ipv6_dns_record": [],
                "mac_address": "d0:0d:c4:d2:0e:2f",
                "nat": true,
                "nat_dns_record": [],
                "nat_ip_address": "51.250.94.26",
                "nat_ip_version": "IPV4",
                "security_group_ids": [],
                "subnet_id": "e9b435alb97q1oppi8m3"
              }
            ],
            "placement_policy": [
              {
                "host_affinity_rules": [],
                "placement_group_id": ""
              }
            ],
            "platform_id": "standard-v1",
            "resources": [
              {
                "core_fraction": 100,
                "cores": 2,
                "gpus": 0,
                "memory": 2
              }
            ],
            "scheduling_policy": [
              {
                "preemptible": false
              }
            ],
            "secondary_disk": [],
            "service_account_id": "",
            "status": "running",
            "timeouts": null,
            "zone": "ru-central1-a"
          },
          "sensitive_attributes": [],
          "private": "eyJlMmJmYjczMC1lY2FhLTExZTYtOGY4OC0zNDM2M2JjN2M0YzAiOnsiY3JlYXRlIjozMDAwMDAwMDAwMDAsImRlbGV0ZSI6MzAwMDAwMDAwMDAwLCJ1cGRhdGUiOjMwMDAwMDAwMDAwMH0sInNjaGVtYV92ZXJzaW9uIjoiMSJ9",
          "dependencies": [
            "yandex_vpc_network.default",
            "yandex_vpc_subnet.subnet-1"
          ]
        }
      ]
    },
    {
      "mode": "managed",
      "type": "yandex_compute_instance",
      "name": "node03",
      "provider": "provider[\"registry.terraform.io/yandex-cloud/yandex\"]",
      "instances": [
        {
          "schema_version": 1,
          "attributes": {
            "allow_recreate": null,
            "allow_stopping_for_update": true,
            "boot_disk": [
              {
                "auto_delete": true,
                "device_name": "fhmetleck0a2p9kig3os",
                "disk_id": "fhmetleck0a2p9kig3os",
                "initialize_params": [
                  {
                    "block_size": 4096,
                    "description": "",
                    "image_id": "fd88d14a6790do254kj7",
                    "name": "root-node03",
                    "size": 25,
                    "snapshot_id": "",
                    "type": "network-ssd"
                  }
                ],
                "mode": "READ_WRITE"
              }
            ],
            "created_at": "2022-08-06T14:07:36Z",
            "description": "",
            "folder_id": "b1gbgo924r85q278bg78",
            "fqdn": "node03.netology.cloud",
            "hostname": "node03.netology.cloud",
            "id": "fhm7157udqqokgk99qsl",
            "labels": null,
            "local_disk": [],
            "metadata": {
              "ssh-keys": "ubuntu:ssh-rsa AAAAB3NzaC1yc2EAAAADAQABAAABAQDSUvSVgJnLHfTMclka3KxAC3Gy79mV96FPDJlNSkc2XukAVY9Sb7Wcy+gWw+HOFfqumHYq/nedQpDWvZKf7wvsLerUSXv1nBpv/AGk1fWctKF+byA3jwCUlpVUFwq0NVOVt1GrkovLufgAqvE8+T8487nLVpMtQApg7ilhubmYXNCwhW2jLxkqSnxCH9/vXa3cAKMN2JZcCM1KT41vNyC6q705neC6ayS2l8uzug+6WinM4M02qlpznm1mTy1NJ1BEslFTGQ//xXzkEV2zo0gCH5FUgkosoO6bt2gDPCdXIW8FK/KjzaUBKUrBYYU2GYACHQhuzca1ayS+Nt2zJevx pashke@pashke-System\n"
            },
            "name": "node03",
            "network_acceleration_type": "standard",
            "network_interface": [
              {
                "dns_record": [],
                "index": 0,
                "ip_address": "192.168.10.21",
                "ipv4": true,
                "ipv6": false,
                "ipv6_address": "",
                "ipv6_dns_record": [],
                "mac_address": "d0:0d:70:94:fe:6e",
                "nat": true,
                "nat_dns_record": [],
                "nat_ip_address": "51.250.76.168",
                "nat_ip_version": "IPV4",
                "security_group_ids": [],
                "subnet_id": "e9b435alb97q1oppi8m3"
              }
            ],
            "placement_policy": [
              {
                "host_affinity_rules": [],
                "placement_group_id": ""
              }
            ],
            "platform_id": "standard-v1",
            "resources": [
              {
                "core_fraction": 100,
                "cores": 2,
                "gpus": 0,
                "memory": 2
              }
            ],
            "scheduling_policy": [
              {
                "preemptible": false
              }
            ],
            "secondary_disk": [],
            "service_account_id": "",
            "status": "running",
            "timeouts": null,
            "zone": "ru-central1-a"
          },
          "sensitive_attributes": [],
          "private": "eyJlMmJmYjczMC1lY2FhLTExZTYtOGY4OC0zNDM2M2JjN2M0YzAiOnsiY3JlYXRlIjozMDAwMDAwMDAwMDAsImRlbGV0ZSI6MzAwMDAwMDAwMDAwLCJ1cGRhdGUiOjMwMDAwMDAwMDAwMH0sInNjaGVtYV92ZXJzaW9uIjoiMSJ9",
          "dependencies": [
            "yandex_vpc_network.default",
            "yandex_vpc_subnet.subnet-1"
          ]
        }
      ]
    },
    {
      "mode": "managed",
      "type": "yandex_vpc_network",
      "name": "default",
      "provider": "provider[\"registry.terraform.io/yandex-cloud/yandex\"]",
      "instances": [
        {
          "schema_version": 0,
          "attributes": {
            "created_at": "2022-08-06T14:07:32Z",
            "default_security_group_id": "",
            "description": "",
            "folder_id": "b1gbgo924r85q278bg78",
            "id": "enpk5v1gtgr780i673ss",
            "labels": {},
            "name": "network1",
            "subnet_ids": [],
            "timeouts": null
          },
          "sensitive_attributes": [],
          "private": "eyJlMmJmYjczMC1lY2FhLTExZTYtOGY4OC0zNDM2M2JjN2M0YzAiOnsiY3JlYXRlIjo2MDAwMDAwMDAwMCwiZGVsZXRlIjo2MDAwMDAwMDAwMCwidXBkYXRlIjo2MDAwMDAwMDAwMH19"
        }
      ]
    },
    {
      "mode": "managed",
      "type": "yandex_vpc_subnet",
      "name": "public-subnet",
      "provider": "provider[\"registry.terraform.io/yandex-cloud/yandex\"]",
      "instances": [
        {
          "schema_version": 0,
          "attributes": {
            "created_at": "2022-08-06T14:07:33Z",
            "description": "",
            "dhcp_options": [],
            "folder_id": "b1gbgo924r85q278bg78",
            "id": "e9bqghfkm15v828m6ges",
            "labels": {},
            "name": "public-subnet",
            "network_id": "enpk5v1gtgr780i673ss",
            "route_table_id": "",
            "timeouts": null,
            "v4_cidr_blocks": [
              "172.16.0.0/24"
            ],
            "v6_cidr_blocks": [],
            "zone": "ru-central1-a"
          },
          "sensitive_attributes": [],
          "private": "eyJlMmJmYjczMC1lY2FhLTExZTYtOGY4OC0zNDM2M2JjN2M0YzAiOnsiY3JlYXRlIjoxODAwMDAwMDAwMDAsImRlbGV0ZSI6MTgwMDAwMDAwMDAwLCJ1cGRhdGUiOjE4MDAwMDAwMDAwMH19",
          "dependencies": [
            "yandex_vpc_network.default"
          ]
        }
      ]
    },
    {
      "mode": "managed",
      "type": "yandex_vpc_subnet",
      "name": "subnet-1",
      "provider": "provider[\"registry.terraform.io/yandex-cloud/yandex\"]",
      "instances": [
        {
          "schema_version": 0,
          "attributes": {
            "created_at": "2022-08-06T14:07:34Z",
            "description": "",
            "dhcp_options": [],
            "folder_id": "b1gbgo924r85q278bg78",
            "id": "e9b435alb97q1oppi8m3",
            "labels": {},
            "name": "subnet1",
            "network_id": "enpk5v1gtgr780i673ss",
            "route_table_id": "",
            "timeouts": null,
            "v4_cidr_blocks": [
              "192.168.10.0/24"
            ],
            "v6_cidr_blocks": [],
            "zone": "ru-central1-a"
          },
          "sensitive_attributes": [],
          "private": "eyJlMmJmYjczMC1lY2FhLTExZTYtOGY4OC0zNDM2M2JjN2M0YzAiOnsiY3JlYXRlIjoxODAwMDAwMDAwMDAsImRlbGV0ZSI6MTgwMDAwMDAwMDAwLCJ1cGRhdGUiOjE4MDAwMDAwMDAwMH19",
          "dependencies": [
            "yandex_vpc_network.default"
          ]
        }
      ]
    }
  ]
}
